
Microsoft Visual Studio Solution File, Format Version 12.00
# Visual Studio 2012
Project("{FAE04EC0-301F-11D3-BF4B-00C04F79EFBC}") = "net.finah", "net.finah\net.finah.csproj", "{EC9F189C-F3A2-4BAB-8E36-450C85F47EDD}"
EndProject
Project("{FAE04EC0-301F-11D3-BF4B-00C04F79EFBC}") = "API", "API\API.csproj", "{826672D0-9388-4170-B56D-978A5B15C482}"
EndProject
Global
	GlobalSection(SolutionConfigurationPlatforms) = preSolution
		Debug|Any CPU = Debug|Any CPU
		Release|Any CPU = Release|Any CPU
	EndGlobalSection
	GlobalSection(ProjectConfigurationPlatforms) = postSolution
		{EC9F189C-F3A2-4BAB-8E36-450C85F47EDD}.Debug|Any CPU.ActiveCfg = Debug|Any CPU
		{EC9F189C-F3A2-4BAB-8E36-450C85F47EDD}.Debug|Any CPU.Build.0 = Debug|Any CPU
		{EC9F189C-F3A2-4BAB-8E36-450C85F47EDD}.Release|Any CPU.ActiveCfg = Release|Any CPU
		{EC9F189C-F3A2-4BAB-8E36-450C85F47EDD}.Release|Any CPU.Build.0 = Release|Any CPU
		{826672D0-9388-4170-B56D-978A5B15C482}.Debug|Any CPU.ActiveCfg = Debug|Any CPU
		{826672D0-9388-4170-B56D-978A5B15C482}.Debug|Any CPU.Build.0 = Debug|Any CPU
		{826672D0-9388-4170-B56D-978A5B15C482}.Release|Any CPU.ActiveCfg = Release|Any CPU
		{826672D0-9388-4170-B56D-978A5B15C482}.Release|Any CPU.Build.0 = Release|Any CPU
	EndGlobalSection
	GlobalSection(SolutionProperties) = preSolution
		HideSolutionNode = FALSE
	EndGlobalSection
EndGlobal
